{
  "version": "5",
  "specifiers": {
    "jsr:@denosaurs/plug@1.1.0": "1.1.0",
    "jsr:@sigma/pty-ffi@0.42.0": "0.42.0",
    "jsr:@std/assert@^1.0.19": "1.0.19",
    "jsr:@std/encoding@1": "1.0.11",
    "jsr:@std/fmt@1": "1.0.10",
    "jsr:@std/fs@1": "1.0.24",
    "jsr:@std/internal@^1.0.14": "1.0.14",
    "jsr:@std/path@1": "1.1.6",
    "jsr:@std/path@^1.1.5": "1.1.6",
    "jsr:@ubernaut/exotui@0.6": "0.6.0"
  },
  "jsr": {
    "@denosaurs/plug@1.1.0": {
      "integrity": "eb2f0b7546c7bca2000d8b0282c54d50d91cf6d75cb26a80df25a6de8c4bc044",
      "dependencies": [
        "jsr:@std/encoding",
        "jsr:@std/fmt",
        "jsr:@std/fs",
        "jsr:@std/path@1"
      ]
    },
    "@sigma/pty-ffi@0.42.0": {
      "integrity": "cce3f9aec567227b4eb9d11f2dc8deda0da57e7d10cc83ad436f91410334c842",
      "dependencies": [
        "jsr:@denosaurs/plug",
        "jsr:@std/assert"
      ]
    },
    "@std/assert@1.0.19": {
      "integrity": "eaada96ee120cb980bc47e040f82814d786fe8162ecc53c91d8df60b8755991e"
    },
    "@std/encoding@1.0.11": {
      "integrity": "e7cef2f0b3153bccc17431e7c864a1de03a4b6d9647389c43e08aaa775d37385"
    },
    "@std/fmt@1.0.10": {
      "integrity": "90dfba288802ac6de82fb31d0917eb9e4450b9925b954d5e51fc29ac07419db5"
    },
    "@std/fs@1.0.24": {
      "integrity": "f3061b45b81673a2bece689da041df32d174be064c89eb6397fb5718d3fb7877",
      "dependencies": [
        "jsr:@std/internal",
        "jsr:@std/path@^1.1.5"
      ]
    },
    "@std/internal@1.0.14": {
      "integrity": "291516b3d4c35024d6ffbc0a9df5bf4c64116e05b50012cf846710152d2ffdf7"
    },
    "@std/path@1.1.6": {
      "integrity": "c68485c2a4dfbb5ae3cc74fae4e8c4e5d874cf8a8ed12927917235c758b46cbe",
      "dependencies": [
        "jsr:@std/internal"
      ]
    },
    "@ubernaut/exotui@0.6.0": {
      "integrity": "061aff08d45c9d6fc4e777c32c35b0b755c744536715089bf18413c994b26743",
      "dependencies": [
        "jsr:@sigma/pty-ffi"
      ]
    }
  },
  "workspace": {
    "dependencies": [
      "jsr:@ubernaut/exotui@0.6"
    ]
  }
}
